
Microsoft Visual Studio Solution File, Format Version 12.00
# Visual Studio 14
VisualStudioVersion = 14.0.25420.1
MinimumVisualStudioVersion = 10.0.40219.1
Project("{FAE04EC0-301F-11D3-BF4B-00C04F79EFBC}") = "WCFInterfaces", "WCFInterfaces\WCFInterfaces.csproj", "{0A9F2A45-493B-4181-A403-512DB6E02ECE}"
EndProject
Project("{FAE04EC0-301F-11D3-BF4B-00C04F79EFBC}") = "WCFServices", "WCFServices\WCFServices.csproj", "{86B29438-DF0B-43B3-A10A-DFB9144AD918}"
EndProject
Project("{FAE04EC0-301F-11D3-BF4B-00C04F79EFBC}") = "Host", "Host\Host.csproj", "{FF022343-0D95-4754-B93C-7CA84041674B}"
EndProject
Project("{FAE04EC0-301F-11D3-BF4B-00C04F79EFBC}") = "TestClient", "TestClient\TestClient.csproj", "{5A495D71-6E89-4471-BAC2-F113B7FBE08D}"
EndProject
Global
	GlobalSection(SolutionConfigurationPlatforms) = preSolution
		Debug|Any CPU = Debug|Any CPU
		Release|Any CPU = Release|Any CPU
	EndGlobalSection
	GlobalSection(ProjectConfigurationPlatforms) = postSolution
		{0A9F2A45-493B-4181-A403-512DB6E02ECE}.Debug|Any CPU.ActiveCfg = Debug|Any CPU
		{0A9F2A45-493B-4181-A403-512DB6E02ECE}.Debug|Any CPU.Build.0 = Debug|Any CPU
		{0A9F2A45-493B-4181-A403-512DB6E02ECE}.Release|Any CPU.ActiveCfg = Release|Any CPU
		{0A9F2A45-493B-4181-A403-512DB6E02ECE}.Release|Any CPU.Build.0 = Release|Any CPU
		{86B29438-DF0B-43B3-A10A-DFB9144AD918}.Debug|Any CPU.ActiveCfg = Debug|Any CPU
		{86B29438-DF0B-43B3-A10A-DFB9144AD918}.Debug|Any CPU.Build.0 = Debug|Any CPU
		{86B29438-DF0B-43B3-A10A-DFB9144AD918}.Release|Any CPU.ActiveCfg = Release|Any CPU
		{86B29438-DF0B-43B3-A10A-DFB9144AD918}.Release|Any CPU.Build.0 = Release|Any CPU
		{FF022343-0D95-4754-B93C-7CA84041674B}.Debug|Any CPU.ActiveCfg = Debug|Any CPU
		{FF022343-0D95-4754-B93C-7CA84041674B}.Debug|Any CPU.Build.0 = Debug|Any CPU
		{FF022343-0D95-4754-B93C-7CA84041674B}.Release|Any CPU.ActiveCfg = Release|Any CPU
		{FF022343-0D95-4754-B93C-7CA84041674B}.Release|Any CPU.Build.0 = Release|Any CPU
		{5A495D71-6E89-4471-BAC2-F113B7FBE08D}.Debug|Any CPU.ActiveCfg = Debug|Any CPU
		{5A495D71-6E89-4471-BAC2-F113B7FBE08D}.Debug|Any CPU.Build.0 = Debug|Any CPU
		{5A495D71-6E89-4471-BAC2-F113B7FBE08D}.Release|Any CPU.ActiveCfg = Release|Any CPU
		{5A495D71-6E89-4471-BAC2-F113B7FBE08D}.Release|Any CPU.Build.0 = Release|Any CPU
	EndGlobalSection
	GlobalSection(SolutionProperties) = preSolution
		HideSolutionNode = FALSE
	EndGlobalSection
EndGlobal
